{
  "name": "backend",
  "version": "1.0.0",
  "lockfileVersion": 1,
  "requires": true,
  "dependencies": {
    "@babel/code-frame": {
      "version": "7.10.1",
      "resolved": "https://registry.npmjs.org/@babel/code-frame/-/code-frame-7.10.1.tgz",
      "integrity": "sha512-IGhtTmpjGbYzcEDOw7DcQtbQSXcG9ftmAXtWTu9V936vDye4xjjekktFAtgZsWpzTj/X01jocB46mTywm/4SZw==",
      "requires": {
        "@babel/highlight": "^7.10.1"
      }
    },
    "@babel/helper-validator-identifier": {
      "version": "7.10.1",
      "resolved": "https://registry.npmjs.org/@babel/helper-validator-identifier/-/helper-validator-identifier-7.10.1.tgz",
      "integrity": "sha512-5vW/JXLALhczRCWP0PnFDMCJAchlBvM7f4uk/jXritBnIa6E1KmqmtrS3yn1LAnxFBypQ3eneLuXjsnfQsgILw=="
    },
    "@babel/highlight": {
      "version": "7.10.1",
      "resolved": "https://registry.npmjs.org/@babel/highlight/-/highlight-7.10.1.tgz",
      "integrity": "sha512-8rMof+gVP8mxYZApLF/JgNDAkdKa+aJt3ZYxF8z6+j/hpeXL7iMsKCPHa2jNMHu/qqBwzQF4OHNoYi8dMA/rYg==",
      "requires": {
        "@babel/helper-validator-identifier": "^7.10.1",
        "chalk": "^2.0.0",
        "js-tokens": "^4.0.0"
      }
    },
    "@lykmapipo/common": {
      "version": "0.34.3",
      "resolved": "https://registry.npmjs.org/@lykmapipo/common/-/common-0.34.3.tgz",
      "integrity": "sha512-rdLJkeatlCWEZFXC142V/fLAuKHREJcfPSC7OAjpn4DEvANfmvCgwLl+gwLLwFsn8lwnBDGo+7Y6pwirw86FpA==",
      "requires": {
        "auto-parse": ">=1.8.0",
        "browser-or-node": ">=1.2.1",
        "flat": ">=5.0.0",
        "inflection": ">=1.12.0",
        "lodash": ">=4.17.15",
        "mime": ">=2.4.6",
        "moment": ">=2.26.0",
        "object-hash": ">=2.0.3",
        "parse-json": ">=5.0.0",
        "parse-ms": ">=2.1.0",
        "randomcolor": ">=0.5.4",
        "statuses": ">=2.0.0",
        "string-template": ">=1.0.0",
        "striptags": ">=3.1.1",
        "uuid": ">=8.1.0"
      }
    },
    "@lykmapipo/env": {
      "version": "0.17.8",
      "resolved": "https://registry.npmjs.org/@lykmapipo/env/-/env-0.17.8.tgz",
      "integrity": "sha512-wtwBhTACxMZ342j1CSUUXtiNQOH+yl+8vyptBXcQtZCz5QCHMO7sInCgtKUezEduaY9evs/aNINwrcTVA485dQ==",
      "requires": {
        "@lykmapipo/common": ">=0.34.3",
        "dotenv": ">=8.2.0",
        "dotenv-expand": ">=5.1.0",
        "lodash": ">=4.17.15",
        "rc": ">=1.2.8",
        "semver": ">=7.3.2"
      }
    },
    "@lykmapipo/mongoose-common": {
      "version": "0.35.1",
      "resolved": "https://registry.npmjs.org/@lykmapipo/mongoose-common/-/mongoose-common-0.35.1.tgz",
      "integrity": "sha512-5/gUGX2pt6Js2+0sfNQwmovFAdi87LH5Z/cGQ9rZWl1Fuf0lne7GHupL+EJ9z4acSzal0bNaWKQN4S1kcoVCDA==",
      "requires": {
        "@lykmapipo/common": ">=0.34.3",
        "@lykmapipo/env": ">=0.17.8",
        "async": ">=3.2.0",
        "lodash": ">=4.17.15",
        "mongoose-schema-jsonschema": ">=1.4.4",
        "mongoose-valid8": ">=1.6.19"
      }
    },
    "@lykmapipo/phone": {
      "version": "0.6.5",
      "resolved": "https://registry.npmjs.org/@lykmapipo/phone/-/phone-0.6.5.tgz",
      "integrity": "sha512-b3x17Rn7E/20hf7RFbd2szwa05C/SIRCnjgcFoOi3YYLkIlKIWU/IB596EHmx8nYiX9XYb+RIdvvcx2WhgR/8A==",
      "requires": {
        "@lykmapipo/common": ">=0.34.3",
        "@lykmapipo/env": ">=0.17.8",
        "google-libphonenumber": ">=3.2.10",
        "lodash": ">=4.17.15"
      }
    },
    "ansi-styles": {
      "version": "3.2.1",
      "resolved": "https://registry.npmjs.org/ansi-styles/-/ansi-styles-3.2.1.tgz",
      "integrity": "sha512-VT0ZI6kZRdTh8YyJw3SMbYm/u+NqfsAxEpWO0Pf9sq8/e94WxxOpPKx9FR1FlyCtOVDNOQ+8ntlqFxiRc+r5qA==",
      "requires": {
        "color-convert": "^1.9.0"
      }
    },
    "asap": {
      "version": "2.0.6",
      "resolved": "https://registry.npmjs.org/asap/-/asap-2.0.6.tgz",
      "integrity": "sha1-5QNHYR1+aQlDIIu9r+vLwvuGbUY="
    },
    "async": {
      "version": "3.2.0",
      "resolved": "https://registry.npmjs.org/async/-/async-3.2.0.tgz",
      "integrity": "sha512-TR2mEZFVOj2pLStYxLht7TyfuRzaydfpxr3k9RpHIzMgw7A64dzsdqCxH1WJyQdoe8T10nDXd9wnEigmiuHIZw=="
    },
    "auto-parse": {
      "version": "1.8.0",
      "resolved": "https://registry.npmjs.org/auto-parse/-/auto-parse-1.8.0.tgz",
      "integrity": "sha512-Uri4uC+K5cSi5hjM4snFrqPrjqUpwxeSW5EMTPvN7Ju3PlDzmXXDr5tjdzxPvvwgT3J7bmMDJ3Rm625nbrc72A==",
      "requires": {
        "typpy": "2.3.11"
      }
    },
    "browser-or-node": {
      "version": "1.2.1",
      "resolved": "https://registry.npmjs.org/browser-or-node/-/browser-or-node-1.2.1.tgz",
      "integrity": "sha512-sVIA0cysIED0nbmNOm7sZzKfgN1rpFmrqvLZaFWspaBAftfQcezlC81G6j6U2RJf4Lh66zFxrCeOsvkUXIcPWg=="
    },
    "chalk": {
      "version": "2.4.2",
      "resolved": "https://registry.npmjs.org/chalk/-/chalk-2.4.2.tgz",
      "integrity": "sha512-Mti+f9lpJNcwF4tWV8/OrTTtF1gZi+f8FqlyAdouralcFWFQWF2+NgCHShjkCb+IFBLq9buZwE1xckQU4peSuQ==",
      "requires": {
        "ansi-styles": "^3.2.1",
        "escape-string-regexp": "^1.0.5",
        "supports-color": "^5.3.0"
      }
    },
    "color-convert": {
      "version": "1.9.3",
      "resolved": "https://registry.npmjs.org/color-convert/-/color-convert-1.9.3.tgz",
      "integrity": "sha512-QfAUtd+vFdAtFQcC8CCyYt1fYWxSqAiK2cSD6zDB8N3cpsEBAvRxp9zOGg6G/SHHJYAT88/az/IuDGALsNVbGg==",
      "requires": {
        "color-name": "1.1.3"
      }
    },
    "color-name": {
      "version": "1.1.3",
      "resolved": "https://registry.npmjs.org/color-name/-/color-name-1.1.3.tgz",
      "integrity": "sha1-p9BVi9icQveV3UIyj3QIMcpTvCU="
    },
    "deep-extend": {
      "version": "0.6.0",
      "resolved": "https://registry.npmjs.org/deep-extend/-/deep-extend-0.6.0.tgz",
      "integrity": "sha512-LOHxIOaPYdHlJRtCQfDIVZtfw/ufM8+rVj649RIHzcm/vGwQRXFt6OPqIFWsm2XEMrNIEtWR64sY1LEKD2vAOA=="
    },
    "dezalgo": {
      "version": "1.0.3",
      "resolved": "https://registry.npmjs.org/dezalgo/-/dezalgo-1.0.3.tgz",
      "integrity": "sha1-f3Qt4Gb8dIvI24IFad3c5Jvw1FY=",
      "requires": {
        "asap": "^2.0.0",
        "wrappy": "1"
      }
    },
    "dotenv": {
      "version": "8.2.0",
      "resolved": "https://registry.npmjs.org/dotenv/-/dotenv-8.2.0.tgz",
      "integrity": "sha512-8sJ78ElpbDJBHNeBzUbUVLsqKdccaa/BXF1uPTw3GrvQTBgrQrtObr2mUrE38vzYd8cEv+m/JBfDLioYcfXoaw=="
    },
    "dotenv-expand": {
      "version": "5.1.0",
      "resolved": "https://registry.npmjs.org/dotenv-expand/-/dotenv-expand-5.1.0.tgz",
      "integrity": "sha512-YXQl1DSa4/PQyRfgrv6aoNjhasp/p4qs9FjJ4q4cQk+8m4r6k4ZSiEyytKG8f8W9gi8WsQtIObNmKd+tMzNTmA=="
    },
    "error-ex": {
      "version": "1.3.2",
      "resolved": "https://registry.npmjs.org/error-ex/-/error-ex-1.3.2.tgz",
      "integrity": "sha512-7dFHNmqeFSEt2ZBsCriorKnn3Z2pj+fd9kmI6QoWw4//DL+icEBfc0U7qJCisqrTsKTjw4fNFy2pW9OqStD84g==",
      "requires": {
        "is-arrayish": "^0.2.1"
      }
    },
    "escape-string-regexp": {
      "version": "1.0.5",
      "resolved": "https://registry.npmjs.org/escape-string-regexp/-/escape-string-regexp-1.0.5.tgz",
      "integrity": "sha1-G2HAViGQqN/2rjuyzwIAyhMLhtQ="
    },
    "flat": {
      "version": "5.0.0",
      "resolved": "https://registry.npmjs.org/flat/-/flat-5.0.0.tgz",
      "integrity": "sha512-6KSMM+cHHzXC/hpldXApL2S8Uz+QZv+tq5o/L0KQYleoG+GcwrnIJhTWC7tCOiKQp8D/fIvryINU1OZCCwevjA==",
      "requires": {
        "is-buffer": "~2.0.4"
      }
    },
    "formidable": {
      "version": "1.2.2",
      "resolved": "https://registry.npmjs.org/formidable/-/formidable-1.2.2.tgz",
      "integrity": "sha512-V8gLm+41I/8kguQ4/o1D3RIHRmhYFG4pnNyonvua+40rqcEmT4+V71yaZ3B457xbbgCsCfjSPi65u/W6vK1U5Q=="
    },
    "function.name": {
      "version": "1.0.12",
      "resolved": "https://registry.npmjs.org/function.name/-/function.name-1.0.12.tgz",
      "integrity": "sha512-C7Tu+rAFrWW5RjXqtKtXp2xOdCujq+4i8ZH3w0uz/xrYHBwXZrPt96x8cDAEHrIjeyEv/Jm6iDGyqupbaVQTlw==",
      "requires": {
        "noop6": "^1.0.1"
      }
    },
    "google-libphonenumber": {
      "version": "3.2.10",
      "resolved": "https://registry.npmjs.org/google-libphonenumber/-/google-libphonenumber-3.2.10.tgz",
      "integrity": "sha512-TsckE9O8QgqaIeaOXPjcJa4/kX3BzFdO1oCbMfmUpRZckml4xJhjJVxaT9Mdt/VrZZkT9lX44eHAEWfJK1tHtw=="
    },
    "has-flag": {
      "version": "3.0.0",
      "resolved": "https://registry.npmjs.org/has-flag/-/has-flag-3.0.0.tgz",
      "integrity": "sha1-tdRU3CGZriJWmfNGfloH87lVuv0="
    },
    "inflection": {
      "version": "1.12.0",
      "resolved": "https://registry.npmjs.org/inflection/-/inflection-1.12.0.tgz",
      "integrity": "sha1-ogCTVlbW9fa8TcdQLhrstwMihBY="
    },
    "ini": {
      "version": "1.3.5",
      "resolved": "https://registry.npmjs.org/ini/-/ini-1.3.5.tgz",
      "integrity": "sha512-RZY5huIKCMRWDUqZlEi72f/lmXKMvuszcMBduliQ3nnWbx9X/ZBQO7DijMEYS9EhHBb2qacRUMtC7svLwe0lcw=="
    },
    "is-arrayish": {
      "version": "0.2.1",
      "resolved": "https://registry.npmjs.org/is-arrayish/-/is-arrayish-0.2.1.tgz",
      "integrity": "sha1-d8mYQFJ6qOyxqLppe4BkWnqSap0="
    },
    "is-buffer": {
      "version": "2.0.4",
      "resolved": "https://registry.npmjs.org/is-buffer/-/is-buffer-2.0.4.tgz",
      "integrity": "sha512-Kq1rokWXOPXWuaMAqZiJW4XxsmD9zGx9q4aePabbn3qCRGedtH7Cm+zV8WETitMfu1wdh+Rvd6w5egwSngUX2A=="
    },
    "js-tokens": {
      "version": "4.0.0",
      "resolved": "https://registry.npmjs.org/js-tokens/-/js-tokens-4.0.0.tgz",
      "integrity": "sha512-RdJUflcE3cUzKiMqQgsCu06FPu9UdIJO0beYbPhHN4k6apgJtifcoCtT9bcxOpYBtpD2kCM6Sbzg4CausW/PKQ=="
    },
    "json-parse-better-errors": {
      "version": "1.0.2",
      "resolved": "https://registry.npmjs.org/json-parse-better-errors/-/json-parse-better-errors-1.0.2.tgz",
      "integrity": "sha512-mrqyZKfX5EhL7hvqcV6WG1yYjnjeuYDzDhhcAAUrq8Po85NBQBJP+ZDUT75qZQ98IkUoBqdkExkukOU7Ts2wrw=="
    },
    "lines-and-columns": {
      "version": "1.1.6",
      "resolved": "https://registry.npmjs.org/lines-and-columns/-/lines-and-columns-1.1.6.tgz",
      "integrity": "sha1-HADHQ7QzzQpOgHWPe2SldEDZ/wA="
    },
    "lodash": {
      "version": "4.17.15",
      "resolved": "https://registry.npmjs.org/lodash/-/lodash-4.17.15.tgz",
      "integrity": "sha512-8xOcRHvCjnocdS5cpwXQXVzmmh5e5+saE2QGoeQmbKmRS6J3VQppPOIt0MnmE+4xlZoumy0GPG0D0MVIQbNA1A=="
    },
    "mime": {
      "version": "2.4.6",
      "resolved": "https://registry.npmjs.org/mime/-/mime-2.4.6.tgz",
      "integrity": "sha512-RZKhC3EmpBchfTGBVb8fb+RL2cWyw/32lshnsETttkBAyAUXSGHxbEJWWRXc751DrIxG1q04b8QwMbAwkRPpUA=="
    },
    "minimist": {
      "version": "1.2.5",
      "resolved": "https://registry.npmjs.org/minimist/-/minimist-1.2.5.tgz",
      "integrity": "sha512-FM9nNUYrRBAELZQT3xeZQ7fmMOBg6nWNmJKTcgsJeaLstP/UODVpGsr5OhXhhXg6f+qtJ8uiZ+PUxkDWcgIXLw=="
    },
    "moment": {
      "version": "2.26.0",
      "resolved": "https://registry.npmjs.org/moment/-/moment-2.26.0.tgz",
      "integrity": "sha512-oIixUO+OamkUkwjhAVE18rAMfRJNsNe/Stid/gwHSOfHrOtw9EhAY2AHvdKZ/k/MggcYELFCJz/Sn2pL8b8JMw=="
    },
    "mongoose-gridfs": {
      "version": "1.2.43",
      "resolved": "https://registry.npmjs.org/mongoose-gridfs/-/mongoose-gridfs-1.2.43.tgz",
      "integrity": "sha512-bmnwUe6vFkNOeI0baloo+fuP9GSUFf3PZp+MOTQI0AEt3EvkxG82NPLdHMYOFjCRWkL7iXtcAbLs4WjKpzWg0w==",
      "requires": {
        "@lykmapipo/mongoose-common": ">=0.35.1",
        "lodash": ">=4.17.15",
        "stream-read": ">=1.1.2"
      }
    },
    "mongoose-schema-jsonschema": {
      "version": "1.4.4",
      "resolved": "https://registry.npmjs.org/mongoose-schema-jsonschema/-/mongoose-schema-jsonschema-1.4.4.tgz",
      "integrity": "sha512-kC56X/tYKSPHJfW84qMbnD0HynmsM9z4CoFBoEzlcUFycxisVWrUylnRIQcqWWVK9A9nRYoTXzkoS4bHNuO+6Q==",
      "requires": {
        "pluralize": "^8.0.0"
      }
    },
    "mongoose-valid8": {
      "version": "1.6.19",
      "resolved": "https://registry.npmjs.org/mongoose-valid8/-/mongoose-valid8-1.6.19.tgz",
      "integrity": "sha512-8ZiDdoMocNZ1pOGRjciUJBLS7iPrNiiEmssDk4FDSSOHN6ogmr7GTQd2rEPak96w9C/FRARAhXwJ/PmZlDhYNg==",
      "requires": {
        "@lykmapipo/env": ">=0.17.8",
        "@lykmapipo/phone": ">=0.6.5",
        "lodash": ">=4.17.15",
        "validator": ">=13.0.0"
      }
    },
    "noop6": {
      "version": "1.0.8",
      "resolved": "https://registry.npmjs.org/noop6/-/noop6-1.0.8.tgz",
      "integrity": "sha512-+Al5csMVc40I8xRfJsyBcN1IbpyvebOuQmMfxdw+AL6ECELey12ANgNTRhMfTwNIDU4W9W0g8EHLcsb3+3qPFA=="
    },
    "object-hash": {
      "version": "2.0.3",
      "resolved": "https://registry.npmjs.org/object-hash/-/object-hash-2.0.3.tgz",
      "integrity": "sha512-JPKn0GMu+Fa3zt3Bmr66JhokJU5BaNBIh4ZeTlaCBzrBsOeXzwcKKAK1tbLiPKgvwmPXsDvvLHoWh5Bm7ofIYg=="
    },
    "parse-json": {
      "version": "5.0.0",
      "resolved": "https://registry.npmjs.org/parse-json/-/parse-json-5.0.0.tgz",
      "integrity": "sha512-OOY5b7PAEFV0E2Fir1KOkxchnZNCdowAJgQ5NuxjpBKTRP3pQhwkrkxqQjeoKJ+fO7bCpmIZaogI4eZGDMEGOw==",
      "requires": {
        "@babel/code-frame": "^7.0.0",
        "error-ex": "^1.3.1",
        "json-parse-better-errors": "^1.0.1",
        "lines-and-columns": "^1.1.6"
      }
    },
    "parse-ms": {
      "version": "2.1.0",
      "resolved": "https://registry.npmjs.org/parse-ms/-/parse-ms-2.1.0.tgz",
      "integrity": "sha512-kHt7kzLoS9VBZfUsiKjv43mr91ea+U05EyKkEtqp7vNbHxmaVuEqN7XxeEVnGrMtYOAxGrDElSi96K7EgO1zCA=="
    },
    "pluralize": {
      "version": "8.0.0",
      "resolved": "https://registry.npmjs.org/pluralize/-/pluralize-8.0.0.tgz",
      "integrity": "sha512-Nc3IT5yHzflTfbjgqWcCPpo7DaKy4FnpB0l/zCAW0Tc7jxAiuqSxHasntB3D7887LSrA93kDJ9IXovxJYxyLCA=="
    },
    "randomcolor": {
      "version": "0.5.4",
      "resolved": "https://registry.npmjs.org/randomcolor/-/randomcolor-0.5.4.tgz",
      "integrity": "sha512-nYd4nmTuuwMFzHL6W+UWR5fNERGZeVauho8mrJDUSXdNDbao4rbrUwhuLgKC/j8VCS5+34Ria8CsTDuBjrIrQA=="
    },
    "rc": {
      "version": "1.2.8",
      "resolved": "https://registry.npmjs.org/rc/-/rc-1.2.8.tgz",
      "integrity": "sha512-y3bGgqKj3QBdxLbLkomlohkvsA8gdAiUQlSBJnBhfn+BPxg4bc62d8TcBW15wavDfgexCgccckhcZvywyQYPOw==",
      "requires": {
        "deep-extend": "^0.6.0",
        "ini": "~1.3.0",
        "minimist": "^1.2.0",
        "strip-json-comments": "~2.0.1"
      }
    },
    "semver": {
      "version": "7.3.2",
      "resolved": "https://registry.npmjs.org/semver/-/semver-7.3.2.tgz",
      "integrity": "sha512-OrOb32TeeambH6UrhtShmF7CRDqhL6/5XpPNp2DuRH6+9QLw/orhp72j87v8Qa1ScDkvrrBNpZcDejAirJmfXQ=="
    },
    "statuses": {
      "version": "2.0.0",
      "resolved": "https://registry.npmjs.org/statuses/-/statuses-2.0.0.tgz",
      "integrity": "sha512-w9jNUUQdpuVoYqXxnyOakhckBbOxRaoYqJscyIBYCS5ixyCnO7nQn7zBZvP9zf5QOPZcz2DLUpE3KsNPbJBOFA=="
    },
    "stream-read": {
      "version": "1.1.2",
      "resolved": "https://registry.npmjs.org/stream-read/-/stream-read-1.1.2.tgz",
      "integrity": "sha1-MTcRDXqoC6VOS4KcTNM8oQa5Vk0=",
      "requires": {
        "dezalgo": "^1.0.1"
      }
    },
    "string-template": {
      "version": "1.0.0",
      "resolved": "https://registry.npmjs.org/string-template/-/string-template-1.0.0.tgz",
      "integrity": "sha1-np8iM9wA8hhxjsN5oopWc+zKi5Y="
    },
    "strip-json-comments": {
      "version": "2.0.1",
      "resolved": "https://registry.npmjs.org/strip-json-comments/-/strip-json-comments-2.0.1.tgz",
      "integrity": "sha1-PFMZQukIwml8DsNEhYwobHygpgo="
    },
    "striptags": {
      "version": "3.1.1",
      "resolved": "https://registry.npmjs.org/striptags/-/striptags-3.1.1.tgz",
      "integrity": "sha1-yMPn/db7S7OjKjt1LltePjgJPr0="
    },
    "supports-color": {
      "version": "5.5.0",
      "resolved": "https://registry.npmjs.org/supports-color/-/supports-color-5.5.0.tgz",
      "integrity": "sha512-QjVjwdXIt408MIiAqCX4oUKsgU2EqAGzs2Ppkm4aQYbjm+ZEWEcW4SfFNTr4uMNZma0ey4f5lgLrkB0aX0QMow==",
      "requires": {
        "has-flag": "^3.0.0"
      }
    },
    "typpy": {
      "version": "2.3.11",
      "resolved": "https://registry.npmjs.org/typpy/-/typpy-2.3.11.tgz",
      "integrity": "sha512-Jh/fykZSaxeKO0ceMAs6agki9T5TNA9kiIR6fzKbvafKpIw8UlNlHhzuqKyi5lfJJ5VojJOx9tooIbyy7vHV/g==",
      "requires": {
        "function.name": "^1.0.3"
      }
    },
    "uuid": {
      "version": "8.1.0",
      "resolved": "https://registry.npmjs.org/uuid/-/uuid-8.1.0.tgz",
      "integrity": "sha512-CI18flHDznR0lq54xBycOVmphdCYnQLKn8abKn7PXUiKUGdEd+/l9LWNJmugXel4hXq7S+RMNl34ecyC9TntWg=="
    },
    "validator": {
      "version": "13.1.1",
      "resolved": "https://registry.npmjs.org/validator/-/validator-13.1.1.tgz",
      "integrity": "sha512-8GfPiwzzRoWTg7OV1zva1KvrSemuMkv07MA9TTl91hfhe+wKrsrgVN4H2QSFd/U/FhiU3iWPYVgvbsOGwhyFWw=="
    },
    "wrappy": {
      "version": "1.0.2",
      "resolved": "https://registry.npmjs.org/wrappy/-/wrappy-1.0.2.tgz",
      "integrity": "sha1-tSQ9jz7BqjXxNkYFvA0QNuMKtp8="
    }
  }
}
